
Microsoft Visual Studio Solution File, Format Version 12.00
# Visual Studio Version 16
VisualStudioVersion = 16.0.31424.327
MinimumVisualStudioVersion = 10.0.40219.1
Project("{FAE04EC0-301F-11D3-BF4B-00C04F79EFBC}") = "GasUp", "GasUp.csproj", "{EFB8CF95-FCAB-4AE5-B0F0-F94C2FD41CEB}"
EndProject
Global
	GlobalSection(SolutionConfigurationPlatforms) = preSolution
		Debug|Any CPU = Debug|Any CPU
		Release|Any CPU = Release|Any CPU
	EndGlobalSection
	GlobalSection(ProjectConfigurationPlatforms) = postSolution
		{EFB8CF95-FCAB-4AE5-B0F0-F94C2FD41CEB}.Debug|Any CPU.ActiveCfg = Debug|Any CPU
		{EFB8CF95-FCAB-4AE5-B0F0-F94C2FD41CEB}.Debug|Any CPU.Build.0 = Debug|Any CPU
		{EFB8CF95-FCAB-4AE5-B0F0-F94C2FD41CEB}.Release|Any CPU.ActiveCfg = Release|Any CPU
		{EFB8CF95-FCAB-4AE5-B0F0-F94C2FD41CEB}.Release|Any CPU.Build.0 = Release|Any CPU
	EndGlobalSection
	GlobalSection(SolutionProperties) = preSolution
		HideSolutionNode = FALSE
	EndGlobalSection
	GlobalSection(ExtensibilityGlobals) = postSolution
		SolutionGuid = {7F5FFBE8-5FCF-4367-BF52-010DDD35D08B}
	EndGlobalSection
EndGlobal
